
Microsoft Visual Studio Solution File, Format Version 12.00
# Visual Studio Version 17
VisualStudioVersion = 17.9.34622.214
MinimumVisualStudioVersion = 10.0.40219.1
Project("{FAE04EC0-301F-11D3-BF4B-00C04F79EFBC}") = "AbstractFactory", "AbstractFactory\AbstractFactory.csproj", "{1624A72C-8A33-46FF-8198-6821565EFAD5}"
EndProject
Project("{FAE04EC0-301F-11D3-BF4B-00C04F79EFBC}") = "Adapter", "Adapter\Adapter.csproj", "{146A01A1-6905-4A02-A064-A1386821D17B}"
EndProject
Project("{FAE04EC0-301F-11D3-BF4B-00C04F79EFBC}") = "Decorator", "Decorator\Decorator.csproj", "{C881BCD5-F254-4421-BA25-DF3ACC27D860}"
EndProject
Project("{FAE04EC0-301F-11D3-BF4B-00C04F79EFBC}") = "StateDesign", "StateDesign\StateDesign.csproj", "{F66957AA-7864-49D2-9E72-64FE6AB86CDE}"
EndProject
Project("{FAE04EC0-301F-11D3-BF4B-00C04F79EFBC}") = "Visitor", "Visitor\Visitor.csproj", "{962599EB-FB30-4927-8DA2-E1A3DF9863EA}"
EndProject
Project("{FAE04EC0-301F-11D3-BF4B-00C04F79EFBC}") = "RailwayOP", "RailwayOP\RailwayOP.csproj", "{07AF478D-7C79-46AE-BFDD-9C863A9B51A8}"
EndProject
Global
	GlobalSection(SolutionConfigurationPlatforms) = preSolution
		Debug|Any CPU = Debug|Any CPU
		Release|Any CPU = Release|Any CPU
	EndGlobalSection
	GlobalSection(ProjectConfigurationPlatforms) = postSolution
		{1624A72C-8A33-46FF-8198-6821565EFAD5}.Debug|Any CPU.ActiveCfg = Debug|Any CPU
		{1624A72C-8A33-46FF-8198-6821565EFAD5}.Debug|Any CPU.Build.0 = Debug|Any CPU
		{1624A72C-8A33-46FF-8198-6821565EFAD5}.Release|Any CPU.ActiveCfg = Release|Any CPU
		{1624A72C-8A33-46FF-8198-6821565EFAD5}.Release|Any CPU.Build.0 = Release|Any CPU
		{146A01A1-6905-4A02-A064-A1386821D17B}.Debug|Any CPU.ActiveCfg = Debug|Any CPU
		{146A01A1-6905-4A02-A064-A1386821D17B}.Debug|Any CPU.Build.0 = Debug|Any CPU
		{146A01A1-6905-4A02-A064-A1386821D17B}.Release|Any CPU.ActiveCfg = Release|Any CPU
		{146A01A1-6905-4A02-A064-A1386821D17B}.Release|Any CPU.Build.0 = Release|Any CPU
		{C881BCD5-F254-4421-BA25-DF3ACC27D860}.Debug|Any CPU.ActiveCfg = Debug|Any CPU
		{C881BCD5-F254-4421-BA25-DF3ACC27D860}.Debug|Any CPU.Build.0 = Debug|Any CPU
		{C881BCD5-F254-4421-BA25-DF3ACC27D860}.Release|Any CPU.ActiveCfg = Release|Any CPU
		{C881BCD5-F254-4421-BA25-DF3ACC27D860}.Release|Any CPU.Build.0 = Release|Any CPU
		{F66957AA-7864-49D2-9E72-64FE6AB86CDE}.Debug|Any CPU.ActiveCfg = Debug|Any CPU
		{F66957AA-7864-49D2-9E72-64FE6AB86CDE}.Debug|Any CPU.Build.0 = Debug|Any CPU
		{F66957AA-7864-49D2-9E72-64FE6AB86CDE}.Release|Any CPU.ActiveCfg = Release|Any CPU
		{F66957AA-7864-49D2-9E72-64FE6AB86CDE}.Release|Any CPU.Build.0 = Release|Any CPU
		{962599EB-FB30-4927-8DA2-E1A3DF9863EA}.Debug|Any CPU.ActiveCfg = Debug|Any CPU
		{962599EB-FB30-4927-8DA2-E1A3DF9863EA}.Debug|Any CPU.Build.0 = Debug|Any CPU
		{962599EB-FB30-4927-8DA2-E1A3DF9863EA}.Release|Any CPU.ActiveCfg = Release|Any CPU
		{962599EB-FB30-4927-8DA2-E1A3DF9863EA}.Release|Any CPU.Build.0 = Release|Any CPU
		{07AF478D-7C79-46AE-BFDD-9C863A9B51A8}.Debug|Any CPU.ActiveCfg = Debug|Any CPU
		{07AF478D-7C79-46AE-BFDD-9C863A9B51A8}.Debug|Any CPU.Build.0 = Debug|Any CPU
		{07AF478D-7C79-46AE-BFDD-9C863A9B51A8}.Release|Any CPU.ActiveCfg = Release|Any CPU
		{07AF478D-7C79-46AE-BFDD-9C863A9B51A8}.Release|Any CPU.Build.0 = Release|Any CPU
	EndGlobalSection
	GlobalSection(SolutionProperties) = preSolution
		HideSolutionNode = FALSE
	EndGlobalSection
	GlobalSection(ExtensibilityGlobals) = postSolution
		SolutionGuid = {1A510E20-3CCA-465B-BA86-82508FD22722}
	EndGlobalSection
EndGlobal
